PODS:
  - Expecta (0.3.1)
  - EXPMatchers+FBSnapshotTest (1.1.0):
    - Expecta
    - FBSnapshotTestCase
  - FBSnapshotTestCase (1.1)
  - Specta (0.2.1)
  - UIKit+Material (0.1.2)

DEPENDENCIES:
  - Expecta
  - EXPMatchers+FBSnapshotTest
  - FBSnapshotTestCase
  - Specta (~> 0.2.1)
  - UIKit+Material (from `../../`)

EXTERNAL SOURCES:
  UIKit+Material:
    :path: ../../

SPEC CHECKSUMS:
  Expecta: 03aabd0a89d8dea843baecb19a7fd7466a69a31d
  EXPMatchers+FBSnapshotTest: 3c48e8a29a445476fe2d72d7da45dfdd765b5f55
  FBSnapshotTestCase: 9053afee1d66b4c7c313fcb0ae582a5e47bea9d0
  Specta: 9141310f46b1f68b676650ff2854e1ed0b74163a
  UIKit+Material: 5af9a17482301df7c9203068428aeeea158cecb4

COCOAPODS: 0.33.1
